{
  "version": 4,
  "terraform_version": "1.6.5",
  "serial": 194,
  "lineage": "fe22ffc3-5a31-d0e8-0ebd-9059f4741419",
  "outputs": {},
  "resources": [
    {
      "mode": "data",
      "type": "hcloud_ssh_key",
      "name": "ssh_key",
      "provider": "provider[\"registry.terraform.io/hetznercloud/hcloud\"]",
      "instances": [
        {
          "schema_version": 0,
          "attributes": {
            "fingerprint": "6d:8f:78:4e:5f:ba:d9:d0:d5:24:97:1c:a9:c2:95:d9",
            "id": 17836303,
            "labels": {},
            "name": "terraform-lab",
            "public_key": "ssh-rsa AAAAB3NzaC1yc2EAAAADAQABAAACAQCip+s8gaNWcaAnZjMY7LsmkZhjY3YINgLapfrng7NDNHC7sm7/4RUhy2cAGlG0pHnAVk13D8cyi0niwJe94JeLuyD51fa50n+md6ZbokRReNaiiH0OR6R4sVK6oLNnXS89JpTOhjRXFoe8xwpwhmyR6pw5zQDhjngXHP3zX7ca8K6pHV1AgRMydp95vCDkjTDbdVjGWNsz58qGgZl7kJKb3uOHtZqs4cNbALXBNchCUbc+TxeTWDspFT+l3x1oZVAF45Rdkx93eybYuXofCKobkhGyqx27eAj3oJgAgJuZoztRkx5jROGtMuDMHkNLBy8IzgbTFX0g2y4l+dH5ELeD4c/EyagE2hsBUljS8VaYATX+Usy/rIRFkcRrA4tCxGMnz8AB6+9eLYIIfDymg54D0eOObMfCb2SDCQcyqrc1hQaQ7R5ftC46R/YWqYyu+TBGpE6wsGYojNneH8hpZ3I4zAXwj0s+2jAGft3FPu8r+GYrn1Dib3TWoVBmS11xofx5NoRsyBt+bhBWIkVhiPvUxhvvnMkIhGFkcE50uWzKpb2IAlnFr0zARIMmNqeeTd8FAyLX1K2aCX8zx9nc+8kHWtDFIKCjuqGtMQjcZ9Upa8IvsL4eorA4JrKWu0Eb7Dci0TBSbSie3QBbiXj8wNkoWeYGHr4kseuKaymqo0i4xw==",
            "selector": null,
            "with_selector": null
          },
          "sensitive_attributes": []
        }
      ]
    },
    {
      "mode": "managed",
      "type": "hcloud_load_balancer",
      "name": "load_balancer",
      "provider": "provider[\"registry.terraform.io/hetznercloud/hcloud\"]",
      "instances": [
        {
          "schema_version": 0,
          "attributes": {
            "algorithm": [
              {
                "type": "round_robin"
              }
            ],
            "delete_protection": false,
            "id": "1588075",
            "ipv4": "95.217.173.81",
            "ipv6": "2a01:4f9:c01d:79e::1",
            "labels": {},
            "load_balancer_type": "lb11",
            "location": "hel1",
            "name": "load_balancer",
            "network_id": null,
            "network_ip": null,
            "network_zone": "eu-central",
            "target": []
          },
          "sensitive_attributes": [],
          "private": "bnVsbA=="
        }
      ]
    },
    {
      "mode": "managed",
      "type": "hcloud_load_balancer_target",
      "name": "load_balancer_target_1",
      "provider": "provider[\"registry.terraform.io/hetznercloud/hcloud\"]",
      "instances": [
        {
          "schema_version": 0,
          "attributes": {
            "id": "lb-srv-tgt-40496753-1588075",
            "ip": null,
            "label_selector": null,
            "load_balancer_id": 1588075,
            "server_id": 40496753,
            "type": "server",
            "use_private_ip": false
          },
          "sensitive_attributes": [],
          "private": "bnVsbA==",
          "dependencies": [
            "data.hcloud_ssh_key.ssh_key",
            "hcloud_load_balancer.load_balancer",
            "hcloud_network.network",
            "module.api_server_1.hcloud_firewall.api_firewall",
            "module.api_server_1.hcloud_server.api_server"
          ]
        }
      ]
    },
    {
      "mode": "managed",
      "type": "hcloud_load_balancer_target",
      "name": "load_balancer_target_2",
      "provider": "provider[\"registry.terraform.io/hetznercloud/hcloud\"]",
      "instances": [
        {
          "schema_version": 0,
          "attributes": {
            "id": "lb-srv-tgt-40496752-1588075",
            "ip": null,
            "label_selector": null,
            "load_balancer_id": 1588075,
            "server_id": 40496752,
            "type": "server",
            "use_private_ip": false
          },
          "sensitive_attributes": [],
          "private": "bnVsbA==",
          "dependencies": [
            "data.hcloud_ssh_key.ssh_key",
            "hcloud_load_balancer.load_balancer",
            "hcloud_network.network",
            "module.api_server_2.hcloud_firewall.api_firewall",
            "module.api_server_2.hcloud_server.api_server"
          ]
        }
      ]
    },
    {
      "mode": "managed",
      "type": "hcloud_network",
      "name": "network",
      "provider": "provider[\"registry.terraform.io/hetznercloud/hcloud\"]",
      "instances": [
        {
          "schema_version": 0,
          "attributes": {
            "delete_protection": false,
            "expose_routes_to_vswitch": false,
            "id": "3662563",
            "ip_range": "10.0.0.0/16",
            "labels": null,
            "name": "main_network"
          },
          "sensitive_attributes": [],
          "private": "bnVsbA=="
        }
      ]
    },
    {
      "mode": "managed",
      "type": "hcloud_network_subnet",
      "name": "subnet",
      "provider": "provider[\"registry.terraform.io/hetznercloud/hcloud\"]",
      "instances": [
        {
          "schema_version": 0,
          "attributes": {
            "gateway": "10.0.0.1",
            "id": "3662563-10.0.1.0/24",
            "ip_range": "10.0.1.0/24",
            "network_id": 3662563,
            "network_zone": "eu-central",
            "type": "cloud",
            "vswitch_id": null
          },
          "sensitive_attributes": [],
          "private": "bnVsbA==",
          "dependencies": [
            "hcloud_network.network"
          ]
        }
      ]
    },
    {
      "module": "module.api_server_1",
      "mode": "managed",
      "type": "hcloud_firewall",
      "name": "api_firewall",
      "provider": "provider[\"registry.terraform.io/hetznercloud/hcloud\"]",
      "instances": [
        {
          "schema_version": 0,
          "attributes": {
            "apply_to": [],
            "id": "1165829",
            "labels": {},
            "name": "api1_firewall",
            "rule": [
              {
                "description": "",
                "destination_ips": [
                  "0.0.0.0/0",
                  "::/0"
                ],
                "direction": "out",
                "port": "443",
                "protocol": "tcp",
                "source_ips": []
              },
              {
                "description": "",
                "destination_ips": [
                  "0.0.0.0/0",
                  "::/0"
                ],
                "direction": "out",
                "port": "443",
                "protocol": "udp",
                "source_ips": []
              },
              {
                "description": "",
                "destination_ips": [
                  "0.0.0.0/0",
                  "::/0"
                ],
                "direction": "out",
                "port": "53",
                "protocol": "tcp",
                "source_ips": []
              },
              {
                "description": "",
                "destination_ips": [
                  "0.0.0.0/0",
                  "::/0"
                ],
                "direction": "out",
                "port": "53",
                "protocol": "udp",
                "source_ips": []
              },
              {
                "description": "",
                "destination_ips": [
                  "0.0.0.0/0",
                  "::/0"
                ],
                "direction": "out",
                "port": "80",
                "protocol": "tcp",
                "source_ips": []
              },
              {
                "description": "",
                "destination_ips": [
                  "0.0.0.0/0",
                  "::/0"
                ],
                "direction": "out",
                "port": "80",
                "protocol": "udp",
                "source_ips": []
              },
              {
                "description": "",
                "destination_ips": [],
                "direction": "in",
                "port": "22",
                "protocol": "tcp",
                "source_ips": [
                  "0.0.0.0/0",
                  "::/0"
                ]
              }
            ]
          },
          "sensitive_attributes": [],
          "private": "bnVsbA=="
        }
      ]
    },
    {
      "module": "module.api_server_1",
      "mode": "managed",
      "type": "hcloud_server",
      "name": "api_server",
      "provider": "provider[\"registry.terraform.io/hetznercloud/hcloud\"]",
      "instances": [
        {
          "schema_version": 0,
          "attributes": {
            "allow_deprecated_images": false,
            "backup_window": "",
            "backups": false,
            "datacenter": "hel1-dc2",
            "delete_protection": false,
            "firewall_ids": [
              1165829
            ],
            "id": "40496753",
            "ignore_remote_firewall_ids": false,
            "image": "ubuntu-22.04",
            "ipv4_address": "135.181.145.153",
            "ipv6_address": "2a01:4f9:c012:2b93::1",
            "ipv6_network": "2a01:4f9:c012:2b93::/64",
            "iso": null,
            "keep_disk": false,
            "labels": {
              "purpose": "api"
            },
            "location": "hel1",
            "name": "api1",
            "network": [
              {
                "alias_ips": [],
                "ip": "10.0.1.6",
                "mac_address": "86:00:00:6c:a3:1e",
                "network_id": 3662563
              }
            ],
            "placement_group_id": null,
            "public_net": [],
            "rebuild_protection": false,
            "rescue": null,
            "server_type": "cx21",
            "ssh_keys": [
              "terraform-lab"
            ],
            "status": "running",
            "timeouts": null,
            "user_data": null
          },
          "sensitive_attributes": [],
          "private": "eyJlMmJmYjczMC1lY2FhLTExZTYtOGY4OC0zNDM2M2JjN2M0YzAiOnsiY3JlYXRlIjo1NDAwMDAwMDAwMDAwfX0=",
          "dependencies": [
            "data.hcloud_ssh_key.ssh_key",
            "hcloud_network.network",
            "module.api_server_1.hcloud_firewall.api_firewall"
          ]
        }
      ]
    },
    {
      "module": "module.api_server_2",
      "mode": "managed",
      "type": "hcloud_firewall",
      "name": "api_firewall",
      "provider": "provider[\"registry.terraform.io/hetznercloud/hcloud\"]",
      "instances": [
        {
          "schema_version": 0,
          "attributes": {
            "apply_to": [],
            "id": "1165832",
            "labels": {},
            "name": "api2_firewall",
            "rule": [
              {
                "description": "",
                "destination_ips": [
                  "0.0.0.0/0",
                  "::/0"
                ],
                "direction": "out",
                "port": "443",
                "protocol": "tcp",
                "source_ips": []
              },
              {
                "description": "",
                "destination_ips": [
                  "0.0.0.0/0",
                  "::/0"
                ],
                "direction": "out",
                "port": "443",
                "protocol": "udp",
                "source_ips": []
              },
              {
                "description": "",
                "destination_ips": [
                  "0.0.0.0/0",
                  "::/0"
                ],
                "direction": "out",
                "port": "53",
                "protocol": "tcp",
                "source_ips": []
              },
              {
                "description": "",
                "destination_ips": [
                  "0.0.0.0/0",
                  "::/0"
                ],
                "direction": "out",
                "port": "53",
                "protocol": "udp",
                "source_ips": []
              },
              {
                "description": "",
                "destination_ips": [
                  "0.0.0.0/0",
                  "::/0"
                ],
                "direction": "out",
                "port": "80",
                "protocol": "tcp",
                "source_ips": []
              },
              {
                "description": "",
                "destination_ips": [
                  "0.0.0.0/0",
                  "::/0"
                ],
                "direction": "out",
                "port": "80",
                "protocol": "udp",
                "source_ips": []
              },
              {
                "description": "",
                "destination_ips": [],
                "direction": "in",
                "port": "22",
                "protocol": "tcp",
                "source_ips": [
                  "0.0.0.0/0",
                  "::/0"
                ]
              }
            ]
          },
          "sensitive_attributes": [],
          "private": "bnVsbA=="
        }
      ]
    },
    {
      "module": "module.api_server_2",
      "mode": "managed",
      "type": "hcloud_server",
      "name": "api_server",
      "provider": "provider[\"registry.terraform.io/hetznercloud/hcloud\"]",
      "instances": [
        {
          "schema_version": 0,
          "attributes": {
            "allow_deprecated_images": false,
            "backup_window": "",
            "backups": false,
            "datacenter": "hel1-dc2",
            "delete_protection": false,
            "firewall_ids": [
              1165832
            ],
            "id": "40496752",
            "ignore_remote_firewall_ids": false,
            "image": "ubuntu-22.04",
            "ipv4_address": "95.216.141.148",
            "ipv6_address": "2a01:4f9:c011:a8b6::1",
            "ipv6_network": "2a01:4f9:c011:a8b6::/64",
            "iso": null,
            "keep_disk": false,
            "labels": {
              "purpose": "api"
            },
            "location": "hel1",
            "name": "api2",
            "network": [
              {
                "alias_ips": [],
                "ip": "10.0.1.5",
                "mac_address": "86:00:00:6c:a3:1d",
                "network_id": 3662563
              }
            ],
            "placement_group_id": null,
            "public_net": [],
            "rebuild_protection": false,
            "rescue": null,
            "server_type": "cx21",
            "ssh_keys": [
              "terraform-lab"
            ],
            "status": "running",
            "timeouts": null,
            "user_data": null
          },
          "sensitive_attributes": [],
          "private": "eyJlMmJmYjczMC1lY2FhLTExZTYtOGY4OC0zNDM2M2JjN2M0YzAiOnsiY3JlYXRlIjo1NDAwMDAwMDAwMDAwfX0=",
          "dependencies": [
            "data.hcloud_ssh_key.ssh_key",
            "hcloud_network.network",
            "module.api_server_2.hcloud_firewall.api_firewall"
          ]
        }
      ]
    },
    {
      "module": "module.worker_server_1",
      "mode": "managed",
      "type": "hcloud_firewall",
      "name": "worker_firewall",
      "provider": "provider[\"registry.terraform.io/hetznercloud/hcloud\"]",
      "instances": [
        {
          "schema_version": 0,
          "attributes": {
            "apply_to": [],
            "id": "1165833",
            "labels": {},
            "name": "worker1_server",
            "rule": [
              {
                "description": "",
                "destination_ips": [
                  "0.0.0.0/0",
                  "::/0"
                ],
                "direction": "out",
                "port": "443",
                "protocol": "tcp",
                "source_ips": []
              },
              {
                "description": "",
                "destination_ips": [
                  "0.0.0.0/0",
                  "::/0"
                ],
                "direction": "out",
                "port": "443",
                "protocol": "udp",
                "source_ips": []
              },
              {
                "description": "",
                "destination_ips": [
                  "0.0.0.0/0",
                  "::/0"
                ],
                "direction": "out",
                "port": "53",
                "protocol": "tcp",
                "source_ips": []
              },
              {
                "description": "",
                "destination_ips": [
                  "0.0.0.0/0",
                  "::/0"
                ],
                "direction": "out",
                "port": "53",
                "protocol": "udp",
                "source_ips": []
              },
              {
                "description": "",
                "destination_ips": [
                  "0.0.0.0/0",
                  "::/0"
                ],
                "direction": "out",
                "port": "80",
                "protocol": "tcp",
                "source_ips": []
              },
              {
                "description": "",
                "destination_ips": [
                  "0.0.0.0/0",
                  "::/0"
                ],
                "direction": "out",
                "port": "80",
                "protocol": "udp",
                "source_ips": []
              },
              {
                "description": "",
                "destination_ips": [],
                "direction": "in",
                "port": "22",
                "protocol": "tcp",
                "source_ips": [
                  "0.0.0.0/0",
                  "::/0"
                ]
              }
            ]
          },
          "sensitive_attributes": [],
          "private": "bnVsbA=="
        }
      ]
    },
    {
      "module": "module.worker_server_1",
      "mode": "managed",
      "type": "hcloud_server",
      "name": "worker_server",
      "provider": "provider[\"registry.terraform.io/hetznercloud/hcloud\"]",
      "instances": [
        {
          "schema_version": 0,
          "attributes": {
            "allow_deprecated_images": false,
            "backup_window": "",
            "backups": false,
            "datacenter": "hel1-dc2",
            "delete_protection": false,
            "firewall_ids": [
              1165833
            ],
            "id": "40496750",
            "ignore_remote_firewall_ids": false,
            "image": "ubuntu-22.04",
            "ipv4_address": "",
            "ipv6_address": "",
            "ipv6_network": "\u003cnil\u003e",
            "iso": null,
            "keep_disk": false,
            "labels": {
              "purpose": "worker"
            },
            "location": "hel1",
            "name": "worker1",
            "network": [
              {
                "alias_ips": [],
                "ip": "10.0.1.1",
                "mac_address": "86:00:00:6c:a3:19",
                "network_id": 3662563
              }
            ],
            "placement_group_id": null,
            "public_net": [
              {
                "ipv4": 0,
                "ipv4_enabled": false,
                "ipv6": 0,
                "ipv6_enabled": false
              }
            ],
            "rebuild_protection": false,
            "rescue": null,
            "server_type": "cx21",
            "ssh_keys": [
              "terraform-lab"
            ],
            "status": "running",
            "timeouts": null,
            "user_data": null
          },
          "sensitive_attributes": [],
          "private": "eyJlMmJmYjczMC1lY2FhLTExZTYtOGY4OC0zNDM2M2JjN2M0YzAiOnsiY3JlYXRlIjo1NDAwMDAwMDAwMDAwfX0=",
          "dependencies": [
            "data.hcloud_ssh_key.ssh_key",
            "hcloud_network.network",
            "module.worker_server_1.hcloud_firewall.worker_firewall"
          ]
        }
      ]
    },
    {
      "module": "module.worker_server_1",
      "mode": "managed",
      "type": "hcloud_volume",
      "name": "worker_volume",
      "provider": "provider[\"registry.terraform.io/hetznercloud/hcloud\"]",
      "instances": [
        {
          "schema_version": 0,
          "attributes": {
            "automount": true,
            "delete_protection": false,
            "format": "ext4",
            "id": "100179135",
            "labels": {
              "purpose": "worker"
            },
            "linux_device": "/dev/disk/by-id/scsi-0HC_Volume_100179135",
            "location": "hel1",
            "name": "worker1_volume",
            "server_id": 40496750,
            "size": 40
          },
          "sensitive_attributes": [],
          "private": "bnVsbA==",
          "dependencies": [
            "data.hcloud_ssh_key.ssh_key",
            "hcloud_network.network",
            "module.worker_server_1.hcloud_firewall.worker_firewall",
            "module.worker_server_1.hcloud_server.worker_server"
          ]
        }
      ]
    },
    {
      "module": "module.worker_server_2",
      "mode": "managed",
      "type": "hcloud_firewall",
      "name": "worker_firewall",
      "provider": "provider[\"registry.terraform.io/hetznercloud/hcloud\"]",
      "instances": [
        {
          "schema_version": 0,
          "attributes": {
            "apply_to": [],
            "id": "1165831",
            "labels": {},
            "name": "worker2_server",
            "rule": [
              {
                "description": "",
                "destination_ips": [
                  "0.0.0.0/0",
                  "::/0"
                ],
                "direction": "out",
                "port": "443",
                "protocol": "tcp",
                "source_ips": []
              },
              {
                "description": "",
                "destination_ips": [
                  "0.0.0.0/0",
                  "::/0"
                ],
                "direction": "out",
                "port": "443",
                "protocol": "udp",
                "source_ips": []
              },
              {
                "description": "",
                "destination_ips": [
                  "0.0.0.0/0",
                  "::/0"
                ],
                "direction": "out",
                "port": "53",
                "protocol": "tcp",
                "source_ips": []
              },
              {
                "description": "",
                "destination_ips": [
                  "0.0.0.0/0",
                  "::/0"
                ],
                "direction": "out",
                "port": "53",
                "protocol": "udp",
                "source_ips": []
              },
              {
                "description": "",
                "destination_ips": [
                  "0.0.0.0/0",
                  "::/0"
                ],
                "direction": "out",
                "port": "80",
                "protocol": "tcp",
                "source_ips": []
              },
              {
                "description": "",
                "destination_ips": [
                  "0.0.0.0/0",
                  "::/0"
                ],
                "direction": "out",
                "port": "80",
                "protocol": "udp",
                "source_ips": []
              },
              {
                "description": "",
                "destination_ips": [],
                "direction": "in",
                "port": "22",
                "protocol": "tcp",
                "source_ips": [
                  "0.0.0.0/0",
                  "::/0"
                ]
              }
            ]
          },
          "sensitive_attributes": [],
          "private": "bnVsbA=="
        }
      ]
    },
    {
      "module": "module.worker_server_2",
      "mode": "managed",
      "type": "hcloud_server",
      "name": "worker_server",
      "provider": "provider[\"registry.terraform.io/hetznercloud/hcloud\"]",
      "instances": [
        {
          "schema_version": 0,
          "attributes": {
            "allow_deprecated_images": false,
            "backup_window": "",
            "backups": false,
            "datacenter": "hel1-dc2",
            "delete_protection": false,
            "firewall_ids": [
              1165831
            ],
            "id": "40496748",
            "ignore_remote_firewall_ids": false,
            "image": "ubuntu-22.04",
            "ipv4_address": "",
            "ipv6_address": "",
            "ipv6_network": "\u003cnil\u003e",
            "iso": null,
            "keep_disk": false,
            "labels": {
              "purpose": "worker"
            },
            "location": "hel1",
            "name": "worker2",
            "network": [
              {
                "alias_ips": [],
                "ip": "10.0.1.4",
                "mac_address": "86:00:00:6c:a3:1c",
                "network_id": 3662563
              }
            ],
            "placement_group_id": null,
            "public_net": [
              {
                "ipv4": 0,
                "ipv4_enabled": false,
                "ipv6": 0,
                "ipv6_enabled": false
              }
            ],
            "rebuild_protection": false,
            "rescue": null,
            "server_type": "cx21",
            "ssh_keys": [
              "terraform-lab"
            ],
            "status": "running",
            "timeouts": null,
            "user_data": null
          },
          "sensitive_attributes": [],
          "private": "eyJlMmJmYjczMC1lY2FhLTExZTYtOGY4OC0zNDM2M2JjN2M0YzAiOnsiY3JlYXRlIjo1NDAwMDAwMDAwMDAwfX0=",
          "dependencies": [
            "data.hcloud_ssh_key.ssh_key",
            "hcloud_network.network",
            "module.worker_server_2.hcloud_firewall.worker_firewall"
          ]
        }
      ]
    },
    {
      "module": "module.worker_server_2",
      "mode": "managed",
      "type": "hcloud_volume",
      "name": "worker_volume",
      "provider": "provider[\"registry.terraform.io/hetznercloud/hcloud\"]",
      "instances": [
        {
          "schema_version": 0,
          "attributes": {
            "automount": true,
            "delete_protection": false,
            "format": "ext4",
            "id": "100179138",
            "labels": {
              "purpose": "worker"
            },
            "linux_device": "/dev/disk/by-id/scsi-0HC_Volume_100179138",
            "location": "hel1",
            "name": "worker2_volume",
            "server_id": 40496748,
            "size": 40
          },
          "sensitive_attributes": [],
          "private": "bnVsbA==",
          "dependencies": [
            "data.hcloud_ssh_key.ssh_key",
            "hcloud_network.network",
            "module.worker_server_2.hcloud_firewall.worker_firewall",
            "module.worker_server_2.hcloud_server.worker_server"
          ]
        }
      ]
    },
    {
      "module": "module.worker_server_3",
      "mode": "managed",
      "type": "hcloud_firewall",
      "name": "worker_firewall",
      "provider": "provider[\"registry.terraform.io/hetznercloud/hcloud\"]",
      "instances": [
        {
          "schema_version": 0,
          "attributes": {
            "apply_to": [],
            "id": "1165828",
            "labels": {},
            "name": "worker3_server",
            "rule": [
              {
                "description": "",
                "destination_ips": [
                  "0.0.0.0/0",
                  "::/0"
                ],
                "direction": "out",
                "port": "443",
                "protocol": "tcp",
                "source_ips": []
              },
              {
                "description": "",
                "destination_ips": [
                  "0.0.0.0/0",
                  "::/0"
                ],
                "direction": "out",
                "port": "443",
                "protocol": "udp",
                "source_ips": []
              },
              {
                "description": "",
                "destination_ips": [
                  "0.0.0.0/0",
                  "::/0"
                ],
                "direction": "out",
                "port": "53",
                "protocol": "tcp",
                "source_ips": []
              },
              {
                "description": "",
                "destination_ips": [
                  "0.0.0.0/0",
                  "::/0"
                ],
                "direction": "out",
                "port": "53",
                "protocol": "udp",
                "source_ips": []
              },
              {
                "description": "",
                "destination_ips": [
                  "0.0.0.0/0",
                  "::/0"
                ],
                "direction": "out",
                "port": "80",
                "protocol": "tcp",
                "source_ips": []
              },
              {
                "description": "",
                "destination_ips": [
                  "0.0.0.0/0",
                  "::/0"
                ],
                "direction": "out",
                "port": "80",
                "protocol": "udp",
                "source_ips": []
              },
              {
                "description": "",
                "destination_ips": [],
                "direction": "in",
                "port": "22",
                "protocol": "tcp",
                "source_ips": [
                  "0.0.0.0/0",
                  "::/0"
                ]
              }
            ]
          },
          "sensitive_attributes": [],
          "private": "bnVsbA=="
        }
      ]
    },
    {
      "module": "module.worker_server_3",
      "mode": "managed",
      "type": "hcloud_server",
      "name": "worker_server",
      "provider": "provider[\"registry.terraform.io/hetznercloud/hcloud\"]",
      "instances": [
        {
          "schema_version": 0,
          "attributes": {
            "allow_deprecated_images": false,
            "backup_window": "",
            "backups": false,
            "datacenter": "hel1-dc2",
            "delete_protection": false,
            "firewall_ids": [
              1165828
            ],
            "id": "40496749",
            "ignore_remote_firewall_ids": false,
            "image": "ubuntu-22.04",
            "ipv4_address": "",
            "ipv6_address": "",
            "ipv6_network": "\u003cnil\u003e",
            "iso": null,
            "keep_disk": false,
            "labels": {
              "purpose": "worker"
            },
            "location": "hel1",
            "name": "worker3",
            "network": [
              {
                "alias_ips": [],
                "ip": "10.0.1.2",
                "mac_address": "86:00:00:6c:a3:1a",
                "network_id": 3662563
              }
            ],
            "placement_group_id": null,
            "public_net": [
              {
                "ipv4": 0,
                "ipv4_enabled": false,
                "ipv6": 0,
                "ipv6_enabled": false
              }
            ],
            "rebuild_protection": false,
            "rescue": null,
            "server_type": "cx21",
            "ssh_keys": [
              "terraform-lab"
            ],
            "status": "running",
            "timeouts": null,
            "user_data": null
          },
          "sensitive_attributes": [],
          "private": "eyJlMmJmYjczMC1lY2FhLTExZTYtOGY4OC0zNDM2M2JjN2M0YzAiOnsiY3JlYXRlIjo1NDAwMDAwMDAwMDAwfX0=",
          "dependencies": [
            "data.hcloud_ssh_key.ssh_key",
            "hcloud_network.network",
            "module.worker_server_3.hcloud_firewall.worker_firewall"
          ]
        }
      ]
    },
    {
      "module": "module.worker_server_3",
      "mode": "managed",
      "type": "hcloud_volume",
      "name": "worker_volume",
      "provider": "provider[\"registry.terraform.io/hetznercloud/hcloud\"]",
      "instances": [
        {
          "schema_version": 0,
          "attributes": {
            "automount": true,
            "delete_protection": false,
            "format": "ext4",
            "id": "100179137",
            "labels": {
              "purpose": "worker"
            },
            "linux_device": "/dev/disk/by-id/scsi-0HC_Volume_100179137",
            "location": "hel1",
            "name": "worker3_volume",
            "server_id": 40496749,
            "size": 40
          },
          "sensitive_attributes": [],
          "private": "bnVsbA==",
          "dependencies": [
            "data.hcloud_ssh_key.ssh_key",
            "hcloud_network.network",
            "module.worker_server_3.hcloud_firewall.worker_firewall",
            "module.worker_server_3.hcloud_server.worker_server"
          ]
        }
      ]
    },
    {
      "module": "module.worker_server_4",
      "mode": "managed",
      "type": "hcloud_firewall",
      "name": "worker_firewall",
      "provider": "provider[\"registry.terraform.io/hetznercloud/hcloud\"]",
      "instances": [
        {
          "schema_version": 0,
          "attributes": {
            "apply_to": [],
            "id": "1165830",
            "labels": {},
            "name": "worker4_server",
            "rule": [
              {
                "description": "",
                "destination_ips": [
                  "0.0.0.0/0",
                  "::/0"
                ],
                "direction": "out",
                "port": "443",
                "protocol": "tcp",
                "source_ips": []
              },
              {
                "description": "",
                "destination_ips": [
                  "0.0.0.0/0",
                  "::/0"
                ],
                "direction": "out",
                "port": "443",
                "protocol": "udp",
                "source_ips": []
              },
              {
                "description": "",
                "destination_ips": [
                  "0.0.0.0/0",
                  "::/0"
                ],
                "direction": "out",
                "port": "53",
                "protocol": "tcp",
                "source_ips": []
              },
              {
                "description": "",
                "destination_ips": [
                  "0.0.0.0/0",
                  "::/0"
                ],
                "direction": "out",
                "port": "53",
                "protocol": "udp",
                "source_ips": []
              },
              {
                "description": "",
                "destination_ips": [
                  "0.0.0.0/0",
                  "::/0"
                ],
                "direction": "out",
                "port": "80",
                "protocol": "tcp",
                "source_ips": []
              },
              {
                "description": "",
                "destination_ips": [
                  "0.0.0.0/0",
                  "::/0"
                ],
                "direction": "out",
                "port": "80",
                "protocol": "udp",
                "source_ips": []
              },
              {
                "description": "",
                "destination_ips": [],
                "direction": "in",
                "port": "22",
                "protocol": "tcp",
                "source_ips": [
                  "0.0.0.0/0",
                  "::/0"
                ]
              }
            ]
          },
          "sensitive_attributes": [],
          "private": "bnVsbA=="
        }
      ]
    },
    {
      "module": "module.worker_server_4",
      "mode": "managed",
      "type": "hcloud_server",
      "name": "worker_server",
      "provider": "provider[\"registry.terraform.io/hetznercloud/hcloud\"]",
      "instances": [
        {
          "schema_version": 0,
          "attributes": {
            "allow_deprecated_images": false,
            "backup_window": "",
            "backups": false,
            "datacenter": "hel1-dc2",
            "delete_protection": false,
            "firewall_ids": [
              1165830
            ],
            "id": "40496751",
            "ignore_remote_firewall_ids": false,
            "image": "ubuntu-22.04",
            "ipv4_address": "",
            "ipv6_address": "",
            "ipv6_network": "\u003cnil\u003e",
            "iso": null,
            "keep_disk": false,
            "labels": {
              "purpose": "worker"
            },
            "location": "hel1",
            "name": "worker4",
            "network": [
              {
                "alias_ips": [],
                "ip": "10.0.1.3",
                "mac_address": "86:00:00:6c:a3:1b",
                "network_id": 3662563
              }
            ],
            "placement_group_id": null,
            "public_net": [
              {
                "ipv4": 0,
                "ipv4_enabled": false,
                "ipv6": 0,
                "ipv6_enabled": false
              }
            ],
            "rebuild_protection": false,
            "rescue": null,
            "server_type": "cx21",
            "ssh_keys": [
              "terraform-lab"
            ],
            "status": "running",
            "timeouts": null,
            "user_data": null
          },
          "sensitive_attributes": [],
          "private": "eyJlMmJmYjczMC1lY2FhLTExZTYtOGY4OC0zNDM2M2JjN2M0YzAiOnsiY3JlYXRlIjo1NDAwMDAwMDAwMDAwfX0=",
          "dependencies": [
            "data.hcloud_ssh_key.ssh_key",
            "hcloud_network.network",
            "module.worker_server_4.hcloud_firewall.worker_firewall"
          ]
        }
      ]
    },
    {
      "module": "module.worker_server_4",
      "mode": "managed",
      "type": "hcloud_volume",
      "name": "worker_volume",
      "provider": "provider[\"registry.terraform.io/hetznercloud/hcloud\"]",
      "instances": [
        {
          "schema_version": 0,
          "attributes": {
            "automount": true,
            "delete_protection": false,
            "format": "ext4",
            "id": "100179136",
            "labels": {
              "purpose": "worker"
            },
            "linux_device": "/dev/disk/by-id/scsi-0HC_Volume_100179136",
            "location": "hel1",
            "name": "worker4_volume",
            "server_id": 40496751,
            "size": 40
          },
          "sensitive_attributes": [],
          "private": "bnVsbA==",
          "dependencies": [
            "data.hcloud_ssh_key.ssh_key",
            "hcloud_network.network",
            "module.worker_server_4.hcloud_firewall.worker_firewall",
            "module.worker_server_4.hcloud_server.worker_server"
          ]
        }
      ]
    }
  ],
  "check_results": null
}
