
Microsoft Visual Studio Solution File, Format Version 12.00
Project("{FAE04EC0-301F-11D3-BF4B-00C04F79EFBC}") = "Server", "Server\Server.csproj", "{52953F71-432C-4B7B-8C40-A21CAF92E811}"
EndProject
Project("{FAE04EC0-301F-11D3-BF4B-00C04F79EFBC}") = "Client", "Client\Client.csproj", "{55CC76B5-0598-4E73-AC2D-E1E0A4085BEA}"
EndProject
Global
	GlobalSection(SolutionConfigurationPlatforms) = preSolution
		Debug|Any CPU = Debug|Any CPU
		Release|Any CPU = Release|Any CPU
	EndGlobalSection
	GlobalSection(ProjectConfigurationPlatforms) = postSolution
		{52953F71-432C-4B7B-8C40-A21CAF92E811}.Debug|Any CPU.ActiveCfg = Debug|Any CPU
		{52953F71-432C-4B7B-8C40-A21CAF92E811}.Debug|Any CPU.Build.0 = Debug|Any CPU
		{52953F71-432C-4B7B-8C40-A21CAF92E811}.Release|Any CPU.ActiveCfg = Release|Any CPU
		{52953F71-432C-4B7B-8C40-A21CAF92E811}.Release|Any CPU.Build.0 = Release|Any CPU
		{55CC76B5-0598-4E73-AC2D-E1E0A4085BEA}.Debug|Any CPU.ActiveCfg = Debug|Any CPU
		{55CC76B5-0598-4E73-AC2D-E1E0A4085BEA}.Debug|Any CPU.Build.0 = Debug|Any CPU
		{55CC76B5-0598-4E73-AC2D-E1E0A4085BEA}.Release|Any CPU.ActiveCfg = Release|Any CPU
		{55CC76B5-0598-4E73-AC2D-E1E0A4085BEA}.Release|Any CPU.Build.0 = Release|Any CPU
	EndGlobalSection
EndGlobal
