
Microsoft Visual Studio Solution File, Format Version 12.00
Project("{FAE04EC0-301F-11D3-BF4B-00C04F79EFBC}") = "ApiGateway", "ApiGateway\ApiGateway.csproj", "{041EBADE-561E-4C1D-A876-6208DC8696C2}"
EndProject
Project("{FAE04EC0-301F-11D3-BF4B-00C04F79EFBC}") = "BankingService", "BankingService\BankingService.csproj", "{ABE5C4D4-C75D-4E85-A563-F86A5DE629C8}"
EndProject
Project("{FAE04EC0-301F-11D3-BF4B-00C04F79EFBC}") = "BlockchainService", "BlockchainService\BlockchainService.csproj", "{BBEFB32A-FCD6-4AC7-8512-9D2E1C994DD3}"
EndProject
Project("{FAE04EC0-301F-11D3-BF4B-00C04F79EFBC}") = "Common.Validation", "Common.Validation\Common.Validation.csproj", "{5BAE5FAD-872B-4574-A70B-61F76C533DC2}"
EndProject
Project("{FAE04EC0-301F-11D3-BF4B-00C04F79EFBC}") = "Common.Web", "Common.Web\Common.Web.csproj", "{C2B3FE7C-5634-49EA-B974-D9B2C8F4BB3D}"
EndProject
Project("{FAE04EC0-301F-11D3-BF4B-00C04F79EFBC}") = "Common.Telemetry", "Common.Telemetry\Common.Telemetry.csproj", "{5009E25D-4E98-4F6A-B210-D7BCA9D40363}"
EndProject
Global
	GlobalSection(SolutionConfigurationPlatforms) = preSolution
		Debug|Any CPU = Debug|Any CPU
		Release|Any CPU = Release|Any CPU
	EndGlobalSection
	GlobalSection(ProjectConfigurationPlatforms) = postSolution
		{041EBADE-561E-4C1D-A876-6208DC8696C2}.Debug|Any CPU.ActiveCfg = Debug|Any CPU
		{041EBADE-561E-4C1D-A876-6208DC8696C2}.Debug|Any CPU.Build.0 = Debug|Any CPU
		{041EBADE-561E-4C1D-A876-6208DC8696C2}.Release|Any CPU.ActiveCfg = Release|Any CPU
		{041EBADE-561E-4C1D-A876-6208DC8696C2}.Release|Any CPU.Build.0 = Release|Any CPU
		{ABE5C4D4-C75D-4E85-A563-F86A5DE629C8}.Debug|Any CPU.ActiveCfg = Debug|Any CPU
		{ABE5C4D4-C75D-4E85-A563-F86A5DE629C8}.Debug|Any CPU.Build.0 = Debug|Any CPU
		{ABE5C4D4-C75D-4E85-A563-F86A5DE629C8}.Release|Any CPU.ActiveCfg = Release|Any CPU
		{ABE5C4D4-C75D-4E85-A563-F86A5DE629C8}.Release|Any CPU.Build.0 = Release|Any CPU
		{BBEFB32A-FCD6-4AC7-8512-9D2E1C994DD3}.Debug|Any CPU.ActiveCfg = Debug|Any CPU
		{BBEFB32A-FCD6-4AC7-8512-9D2E1C994DD3}.Debug|Any CPU.Build.0 = Debug|Any CPU
		{BBEFB32A-FCD6-4AC7-8512-9D2E1C994DD3}.Release|Any CPU.ActiveCfg = Release|Any CPU
		{BBEFB32A-FCD6-4AC7-8512-9D2E1C994DD3}.Release|Any CPU.Build.0 = Release|Any CPU
		{5BAE5FAD-872B-4574-A70B-61F76C533DC2}.Debug|Any CPU.ActiveCfg = Debug|Any CPU
		{5BAE5FAD-872B-4574-A70B-61F76C533DC2}.Debug|Any CPU.Build.0 = Debug|Any CPU
		{5BAE5FAD-872B-4574-A70B-61F76C533DC2}.Release|Any CPU.ActiveCfg = Release|Any CPU
		{5BAE5FAD-872B-4574-A70B-61F76C533DC2}.Release|Any CPU.Build.0 = Release|Any CPU
		{C2B3FE7C-5634-49EA-B974-D9B2C8F4BB3D}.Debug|Any CPU.ActiveCfg = Debug|Any CPU
		{C2B3FE7C-5634-49EA-B974-D9B2C8F4BB3D}.Debug|Any CPU.Build.0 = Debug|Any CPU
		{C2B3FE7C-5634-49EA-B974-D9B2C8F4BB3D}.Release|Any CPU.ActiveCfg = Release|Any CPU
		{C2B3FE7C-5634-49EA-B974-D9B2C8F4BB3D}.Release|Any CPU.Build.0 = Release|Any CPU
		{5009E25D-4E98-4F6A-B210-D7BCA9D40363}.Debug|Any CPU.ActiveCfg = Debug|Any CPU
		{5009E25D-4E98-4F6A-B210-D7BCA9D40363}.Debug|Any CPU.Build.0 = Debug|Any CPU
		{5009E25D-4E98-4F6A-B210-D7BCA9D40363}.Release|Any CPU.ActiveCfg = Release|Any CPU
		{5009E25D-4E98-4F6A-B210-D7BCA9D40363}.Release|Any CPU.Build.0 = Release|Any CPU
	EndGlobalSection
	GlobalSection(NestedProjects) = preSolution
	EndGlobalSection
EndGlobal
