
Microsoft Visual Studio Solution File, Format Version 12.00
Project("{FAE04EC0-301F-11D3-BF4B-00C04F79EFBC}") = "NoHost.Raw", "NoHost.Raw\NoHost.Raw.csproj", "{900C91D9-20AC-45F2-B487-F884653713DB}"
EndProject
Project("{FAE04EC0-301F-11D3-BF4B-00C04F79EFBC}") = "Services.Raw", "Services.Raw\Services.Raw.csproj", "{F12F532C-B35E-4EA5-8202-F8804A4AC75A}"
EndProject
Project("{FAE04EC0-301F-11D3-BF4B-00C04F79EFBC}") = "Services.DependencyInjection", "Services.DependencyInjection\Services.DependencyInjection.csproj", "{AABD4F98-08EF-4CF3-B5C1-3A9F06ABF4FC}"
EndProject
Project("{FAE04EC0-301F-11D3-BF4B-00C04F79EFBC}") = "Domain", "Domain\Domain.csproj", "{6D5B0460-7344-4593-AED4-CC8F4633E899}"
EndProject
Project("{FAE04EC0-301F-11D3-BF4B-00C04F79EFBC}") = "Services.Logging", "Services.Logging\Services.Logging.csproj", "{73EF4A0A-F163-460F-BC2C-ECF1E1EB4B1C}"
EndProject
Project("{FAE04EC0-301F-11D3-BF4B-00C04F79EFBC}") = "NoHost.DependencyInjection", "NoHost.DependencyInjection\NoHost.DependencyInjection.csproj", "{F88C4EFE-BBFB-46F1-B1C5-5F6AAE9AA4F4}"
EndProject
Project("{FAE04EC0-301F-11D3-BF4B-00C04F79EFBC}") = "NoHost.Logging", "NoHost.Logging\NoHost.Logging.csproj", "{B618955D-B873-4A40-8600-80D06C2F618E}"
EndProject
Project("{2150E333-8FDC-42A3-9474-1A3956D46DE8}") = "1_NoHost_Raw", "1_NoHost_Raw", "{D7CD3995-2EC0-4400-9FEE-F210A4DF6F2C}"
EndProject
Project("{2150E333-8FDC-42A3-9474-1A3956D46DE8}") = "2_NoHost_DependencyInjection", "2_NoHost_DependencyInjection", "{81A3E61B-C6AD-47FF-9607-ADEE877CA935}"
EndProject
Project("{2150E333-8FDC-42A3-9474-1A3956D46DE8}") = "3_NoHost_Logging", "3_NoHost_Logging", "{E1B96413-A57D-4528-A836-5B57F2612CF8}"
EndProject
Project("{2150E333-8FDC-42A3-9474-1A3956D46DE8}") = "4_NoHost_Configuration", "4_NoHost_Configuration", "{15B8A097-BEBF-4707-B8FA-856F245B48BC}"
EndProject
Project("{FAE04EC0-301F-11D3-BF4B-00C04F79EFBC}") = "NoHost.Configuration", "NoHost.Configuration\NoHost.Configuration.csproj", "{208343A6-14CC-4DF4-904E-5C3146CB63CC}"
EndProject
Project("{FAE04EC0-301F-11D3-BF4B-00C04F79EFBC}") = "Services.Configuration", "Services.Configuration\Services.Configuration.csproj", "{91E372B4-6BF2-434C-A173-0D930786225B}"
EndProject
Project("{2150E333-8FDC-42A3-9474-1A3956D46DE8}") = "5_GenericHost", "5_GenericHost", "{EBCC8199-7562-4DAE-AE8F-ECF0B3652007}"
EndProject
Project("{2150E333-8FDC-42A3-9474-1A3956D46DE8}") = "6_GenericHost_Kestrel", "6_GenericHost_Kestrel", "{E56D569F-67CC-44C8-A414-F09535B8F913}"
EndProject
Project("{2150E333-8FDC-42A3-9474-1A3956D46DE8}") = "7_GenericHost_AspNetCore", "7_GenericHost_AspNetCore", "{F726685C-F8DB-4FF1-96A9-4429C7874D93}"
EndProject
Project("{2150E333-8FDC-42A3-9474-1A3956D46DE8}") = "8_Web_Application", "8_Web_Application", "{0D9C36FD-3F8F-4D74-BDAE-A31BC294DCB9}"
EndProject
Project("{FAE04EC0-301F-11D3-BF4B-00C04F79EFBC}") = "GenericHost", "GenericHost\GenericHost.csproj", "{E4530C8A-BE43-4DD9-9CA3-448CD13BBE2B}"
EndProject
Project("{2150E333-8FDC-42A3-9474-1A3956D46DE8}") = "Hosting", "Hosting", "{099BE7BB-DE4C-469F-A11D-9966C8F7E938}"
EndProject
Global
	GlobalSection(SolutionConfigurationPlatforms) = preSolution
		Debug|Any CPU = Debug|Any CPU
		Release|Any CPU = Release|Any CPU
	EndGlobalSection
	GlobalSection(ProjectConfigurationPlatforms) = postSolution
		{900C91D9-20AC-45F2-B487-F884653713DB}.Debug|Any CPU.ActiveCfg = Debug|Any CPU
		{900C91D9-20AC-45F2-B487-F884653713DB}.Debug|Any CPU.Build.0 = Debug|Any CPU
		{900C91D9-20AC-45F2-B487-F884653713DB}.Release|Any CPU.ActiveCfg = Release|Any CPU
		{900C91D9-20AC-45F2-B487-F884653713DB}.Release|Any CPU.Build.0 = Release|Any CPU
		{F12F532C-B35E-4EA5-8202-F8804A4AC75A}.Debug|Any CPU.ActiveCfg = Debug|Any CPU
		{F12F532C-B35E-4EA5-8202-F8804A4AC75A}.Debug|Any CPU.Build.0 = Debug|Any CPU
		{F12F532C-B35E-4EA5-8202-F8804A4AC75A}.Release|Any CPU.ActiveCfg = Release|Any CPU
		{F12F532C-B35E-4EA5-8202-F8804A4AC75A}.Release|Any CPU.Build.0 = Release|Any CPU
		{AABD4F98-08EF-4CF3-B5C1-3A9F06ABF4FC}.Debug|Any CPU.ActiveCfg = Debug|Any CPU
		{AABD4F98-08EF-4CF3-B5C1-3A9F06ABF4FC}.Debug|Any CPU.Build.0 = Debug|Any CPU
		{AABD4F98-08EF-4CF3-B5C1-3A9F06ABF4FC}.Release|Any CPU.ActiveCfg = Release|Any CPU
		{AABD4F98-08EF-4CF3-B5C1-3A9F06ABF4FC}.Release|Any CPU.Build.0 = Release|Any CPU
		{6D5B0460-7344-4593-AED4-CC8F4633E899}.Debug|Any CPU.ActiveCfg = Debug|Any CPU
		{6D5B0460-7344-4593-AED4-CC8F4633E899}.Debug|Any CPU.Build.0 = Debug|Any CPU
		{6D5B0460-7344-4593-AED4-CC8F4633E899}.Release|Any CPU.ActiveCfg = Release|Any CPU
		{6D5B0460-7344-4593-AED4-CC8F4633E899}.Release|Any CPU.Build.0 = Release|Any CPU
		{73EF4A0A-F163-460F-BC2C-ECF1E1EB4B1C}.Debug|Any CPU.ActiveCfg = Debug|Any CPU
		{73EF4A0A-F163-460F-BC2C-ECF1E1EB4B1C}.Debug|Any CPU.Build.0 = Debug|Any CPU
		{73EF4A0A-F163-460F-BC2C-ECF1E1EB4B1C}.Release|Any CPU.ActiveCfg = Release|Any CPU
		{73EF4A0A-F163-460F-BC2C-ECF1E1EB4B1C}.Release|Any CPU.Build.0 = Release|Any CPU
		{F88C4EFE-BBFB-46F1-B1C5-5F6AAE9AA4F4}.Debug|Any CPU.ActiveCfg = Debug|Any CPU
		{F88C4EFE-BBFB-46F1-B1C5-5F6AAE9AA4F4}.Debug|Any CPU.Build.0 = Debug|Any CPU
		{F88C4EFE-BBFB-46F1-B1C5-5F6AAE9AA4F4}.Release|Any CPU.ActiveCfg = Release|Any CPU
		{F88C4EFE-BBFB-46F1-B1C5-5F6AAE9AA4F4}.Release|Any CPU.Build.0 = Release|Any CPU
		{B618955D-B873-4A40-8600-80D06C2F618E}.Debug|Any CPU.ActiveCfg = Debug|Any CPU
		{B618955D-B873-4A40-8600-80D06C2F618E}.Debug|Any CPU.Build.0 = Debug|Any CPU
		{B618955D-B873-4A40-8600-80D06C2F618E}.Release|Any CPU.ActiveCfg = Release|Any CPU
		{B618955D-B873-4A40-8600-80D06C2F618E}.Release|Any CPU.Build.0 = Release|Any CPU
		{208343A6-14CC-4DF4-904E-5C3146CB63CC}.Debug|Any CPU.ActiveCfg = Debug|Any CPU
		{208343A6-14CC-4DF4-904E-5C3146CB63CC}.Debug|Any CPU.Build.0 = Debug|Any CPU
		{208343A6-14CC-4DF4-904E-5C3146CB63CC}.Release|Any CPU.ActiveCfg = Release|Any CPU
		{208343A6-14CC-4DF4-904E-5C3146CB63CC}.Release|Any CPU.Build.0 = Release|Any CPU
		{91E372B4-6BF2-434C-A173-0D930786225B}.Debug|Any CPU.ActiveCfg = Debug|Any CPU
		{91E372B4-6BF2-434C-A173-0D930786225B}.Debug|Any CPU.Build.0 = Debug|Any CPU
		{91E372B4-6BF2-434C-A173-0D930786225B}.Release|Any CPU.ActiveCfg = Release|Any CPU
		{91E372B4-6BF2-434C-A173-0D930786225B}.Release|Any CPU.Build.0 = Release|Any CPU
		{E4530C8A-BE43-4DD9-9CA3-448CD13BBE2B}.Debug|Any CPU.ActiveCfg = Debug|Any CPU
		{E4530C8A-BE43-4DD9-9CA3-448CD13BBE2B}.Debug|Any CPU.Build.0 = Debug|Any CPU
		{E4530C8A-BE43-4DD9-9CA3-448CD13BBE2B}.Release|Any CPU.ActiveCfg = Release|Any CPU
		{E4530C8A-BE43-4DD9-9CA3-448CD13BBE2B}.Release|Any CPU.Build.0 = Release|Any CPU
	EndGlobalSection
	GlobalSection(NestedProjects) = preSolution
		{900C91D9-20AC-45F2-B487-F884653713DB} = {D7CD3995-2EC0-4400-9FEE-F210A4DF6F2C}
		{F12F532C-B35E-4EA5-8202-F8804A4AC75A} = {D7CD3995-2EC0-4400-9FEE-F210A4DF6F2C}
		{F88C4EFE-BBFB-46F1-B1C5-5F6AAE9AA4F4} = {81A3E61B-C6AD-47FF-9607-ADEE877CA935}
		{AABD4F98-08EF-4CF3-B5C1-3A9F06ABF4FC} = {81A3E61B-C6AD-47FF-9607-ADEE877CA935}
		{B618955D-B873-4A40-8600-80D06C2F618E} = {E1B96413-A57D-4528-A836-5B57F2612CF8}
		{73EF4A0A-F163-460F-BC2C-ECF1E1EB4B1C} = {E1B96413-A57D-4528-A836-5B57F2612CF8}
		{208343A6-14CC-4DF4-904E-5C3146CB63CC} = {15B8A097-BEBF-4707-B8FA-856F245B48BC}
		{91E372B4-6BF2-434C-A173-0D930786225B} = {15B8A097-BEBF-4707-B8FA-856F245B48BC}
		{E4530C8A-BE43-4DD9-9CA3-448CD13BBE2B} = {EBCC8199-7562-4DAE-AE8F-ECF0B3652007}
		{D7CD3995-2EC0-4400-9FEE-F210A4DF6F2C} = {099BE7BB-DE4C-469F-A11D-9966C8F7E938}
		{81A3E61B-C6AD-47FF-9607-ADEE877CA935} = {099BE7BB-DE4C-469F-A11D-9966C8F7E938}
		{E1B96413-A57D-4528-A836-5B57F2612CF8} = {099BE7BB-DE4C-469F-A11D-9966C8F7E938}
		{15B8A097-BEBF-4707-B8FA-856F245B48BC} = {099BE7BB-DE4C-469F-A11D-9966C8F7E938}
		{EBCC8199-7562-4DAE-AE8F-ECF0B3652007} = {099BE7BB-DE4C-469F-A11D-9966C8F7E938}
		{E56D569F-67CC-44C8-A414-F09535B8F913} = {099BE7BB-DE4C-469F-A11D-9966C8F7E938}
		{F726685C-F8DB-4FF1-96A9-4429C7874D93} = {099BE7BB-DE4C-469F-A11D-9966C8F7E938}
		{0D9C36FD-3F8F-4D74-BDAE-A31BC294DCB9} = {099BE7BB-DE4C-469F-A11D-9966C8F7E938}
	EndGlobalSection
EndGlobal
