
Microsoft Visual Studio Solution File, Format Version 12.00
Project("{2150E333-8FDC-42A3-9474-1A3956D46DE8}") = "01_Concurrency", "01_Concurrency", "{B8FC9CB6-C7E4-4CC6-86B5-661CD33B939B}"
EndProject
Project("{FAE04EC0-301F-11D3-BF4B-00C04F79EFBC}") = "Concurrency", "01_Concurrency\Concurrency\Concurrency.csproj", "{FBAF5537-C394-4990-AE3B-F15C11612F7A}"
EndProject
Global
	GlobalSection(SolutionConfigurationPlatforms) = preSolution
		Debug|Any CPU = Debug|Any CPU
		Release|Any CPU = Release|Any CPU
	EndGlobalSection
	GlobalSection(NestedProjects) = preSolution
		{FBAF5537-C394-4990-AE3B-F15C11612F7A} = {B8FC9CB6-C7E4-4CC6-86B5-661CD33B939B}
	EndGlobalSection
	GlobalSection(ProjectConfigurationPlatforms) = postSolution
		{FBAF5537-C394-4990-AE3B-F15C11612F7A}.Debug|Any CPU.ActiveCfg = Debug|Any CPU
		{FBAF5537-C394-4990-AE3B-F15C11612F7A}.Debug|Any CPU.Build.0 = Debug|Any CPU
		{FBAF5537-C394-4990-AE3B-F15C11612F7A}.Release|Any CPU.ActiveCfg = Release|Any CPU
		{FBAF5537-C394-4990-AE3B-F15C11612F7A}.Release|Any CPU.Build.0 = Release|Any CPU
	EndGlobalSection
EndGlobal
