
Microsoft Visual Studio Solution File, Format Version 12.00
Project("{FAE04EC0-301F-11D3-BF4B-00C04F79EFBC}") = "WebApi", "WebApi\WebApi.csproj", "{CF589DC1-7FB7-439C-907B-6A6567BCD06E}"
EndProject
Global
	GlobalSection(SolutionConfigurationPlatforms) = preSolution
		Debug|Any CPU = Debug|Any CPU
		Release|Any CPU = Release|Any CPU
	EndGlobalSection
	GlobalSection(ProjectConfigurationPlatforms) = postSolution
		{CF589DC1-7FB7-439C-907B-6A6567BCD06E}.Debug|Any CPU.ActiveCfg = Debug|Any CPU
		{CF589DC1-7FB7-439C-907B-6A6567BCD06E}.Debug|Any CPU.Build.0 = Debug|Any CPU
		{CF589DC1-7FB7-439C-907B-6A6567BCD06E}.Release|Any CPU.ActiveCfg = Release|Any CPU
		{CF589DC1-7FB7-439C-907B-6A6567BCD06E}.Release|Any CPU.Build.0 = Release|Any CPU
	EndGlobalSection
EndGlobal
