
Microsoft Visual Studio Solution File, Format Version 12.00
Project("{FAE04EC0-301F-11D3-BF4B-00C04F79EFBC}") = "EncryptionLab", "EncryptionLab.csproj", "{E78F979E-6BAD-4863-B4C0-AFB2AB15AEEC}"
EndProject
Global
	GlobalSection(SolutionConfigurationPlatforms) = preSolution
		Debug|Any CPU = Debug|Any CPU
		Release|Any CPU = Release|Any CPU
	EndGlobalSection
	GlobalSection(ProjectConfigurationPlatforms) = postSolution
		{E78F979E-6BAD-4863-B4C0-AFB2AB15AEEC}.Debug|Any CPU.ActiveCfg = Debug|Any CPU
		{E78F979E-6BAD-4863-B4C0-AFB2AB15AEEC}.Debug|Any CPU.Build.0 = Debug|Any CPU
		{E78F979E-6BAD-4863-B4C0-AFB2AB15AEEC}.Release|Any CPU.ActiveCfg = Release|Any CPU
		{E78F979E-6BAD-4863-B4C0-AFB2AB15AEEC}.Release|Any CPU.Build.0 = Release|Any CPU
	EndGlobalSection
EndGlobal
